
Microsoft Visual Studio Solution File, Format Version 12.00
# Visual Studio Version 16
VisualStudioVersion = 16.0.31129.286
MinimumVisualStudioVersion = 10.0.40219.1
Project("{FAE04EC0-301F-11D3-BF4B-00C04F79EFBC}") = "InputUserName", "InputUserName\InputUserName.csproj", "{230DB464-D6AC-499F-B544-FE62AFA7834C}"
EndProject
Global
	GlobalSection(SolutionConfigurationPlatforms) = preSolution
		Debug|Any CPU = Debug|Any CPU
		Release|Any CPU = Release|Any CPU
	EndGlobalSection
	GlobalSection(ProjectConfigurationPlatforms) = postSolution
		{230DB464-D6AC-499F-B544-FE62AFA7834C}.Debug|Any CPU.ActiveCfg = Debug|Any CPU
		{230DB464-D6AC-499F-B544-FE62AFA7834C}.Debug|Any CPU.Build.0 = Debug|Any CPU
		{230DB464-D6AC-499F-B544-FE62AFA7834C}.Release|Any CPU.ActiveCfg = Release|Any CPU
		{230DB464-D6AC-499F-B544-FE62AFA7834C}.Release|Any CPU.Build.0 = Release|Any CPU
	EndGlobalSection
	GlobalSection(SolutionProperties) = preSolution
		HideSolutionNode = FALSE
	EndGlobalSection
	GlobalSection(ExtensibilityGlobals) = postSolution
		SolutionGuid = {AD3B5C47-1454-428D-9333-6E071530FA26}
	EndGlobalSection
EndGlobal
