
Microsoft Visual Studio Solution File, Format Version 12.00
# Visual Studio Version 16
VisualStudioVersion = 16.0.31129.286
MinimumVisualStudioVersion = 10.0.40219.1
Project("{FAE04EC0-301F-11D3-BF4B-00C04F79EFBC}") = "BaseType", "BaseType\BaseType.csproj", "{973B04D5-B9A3-4960-BD91-9B3A19877F32}"
EndProject
Global
	GlobalSection(SolutionConfigurationPlatforms) = preSolution
		Debug|Any CPU = Debug|Any CPU
		Release|Any CPU = Release|Any CPU
	EndGlobalSection
	GlobalSection(ProjectConfigurationPlatforms) = postSolution
		{973B04D5-B9A3-4960-BD91-9B3A19877F32}.Debug|Any CPU.ActiveCfg = Debug|Any CPU
		{973B04D5-B9A3-4960-BD91-9B3A19877F32}.Debug|Any CPU.Build.0 = Debug|Any CPU
		{973B04D5-B9A3-4960-BD91-9B3A19877F32}.Release|Any CPU.ActiveCfg = Release|Any CPU
		{973B04D5-B9A3-4960-BD91-9B3A19877F32}.Release|Any CPU.Build.0 = Release|Any CPU
	EndGlobalSection
	GlobalSection(SolutionProperties) = preSolution
		HideSolutionNode = FALSE
	EndGlobalSection
	GlobalSection(ExtensibilityGlobals) = postSolution
		SolutionGuid = {8535FA1F-86BE-4F69-BF2E-4E7ED1CBCD98}
	EndGlobalSection
EndGlobal
